NeoBundleLock echodoc ef0a0cbe6c4cdb60eb2a1cbcee5bde11ce2c6dce
NeoBundleLock jedi-vim d3484afe20cf1a3c9fb20ba44d6e06a6feff8ee3
NeoBundleLock jellybeans.vim f931895c20681684278aef2ffd810730b9c36ec3
NeoBundleLock neobundle.vim 5ec955740d45cd5162fa257fde89b151477e294d
NeoBundleLock neocomplcache 778181767467b8f8016828898779a646074d883a
NeoBundleLock pyflakes-vim 92ab1d390d0dbf0d949aba27c9eb1e4ed0abde0e
NeoBundleLock supertab feb2a5f837f6ece9967863a4fb427fec33702aa7
NeoBundleLock unite.vim 66013f7984ee11fcbbb3258b3b7058f2729977d2
NeoBundleLock vim-vcs d46b5886263b3cd91c6269c8191a102e9a35e4a0
NeoBundleLock vimfiler 96e653c68d57140ac18e27661dc08bab597023ff
NeoBundleLock vimshell 7fe84a9d87aa99e2751f7f3e25b5aa897be90913
NeoBundleLock vinarise b0425e829c0a12cd49a923130e1896bbca7ea2b8
